PODS:
  - Alamofire (5.0.0)
  - KeychainAccess (4.1.0)
  - RxSwift (5.0.1)

DEPENDENCIES:
  - Alamofire (= 5.0.0)
  - KeychainAccess (~> 4.0)
  - RxSwift (~> 5.0.0)

SPEC REPOS:
  trunk:
    - Alamofire
    - KeychainAccess
    - RxSwift

SPEC CHECKSUMS:
  Alamofire: 58ff2bfb8daaacaa233d5c36e37b10a5248f59b1
  KeychainAccess: 445e28864fe6d3458b41fa211bcdc39890e8bd5a
  RxSwift: e2dc62b366a3adf6a0be44ba9f405efd4c94e0c4

PODFILE CHECKSUM: b6702536afd3243be91a6e2fca544717471e19e0

COCOAPODS: 1.9.1
