// !$*UTF8*$!
{
	archiveVersion = 1;
	classes = {
	};
	objectVersion = 50;
	objects = {

/* Begin PBXBuildFile section */
		CD153E1F2421DEC400860815 /* AppDelegate.swift in Sources */ = {isa = PBXBuildFile; fileRef = CD153E1E2421DEC400860815 /* AppDelegate.swift */; };
		CD153E212421DEC400860815 /* SceneDelegate.swift in Sources */ = {isa = PBXBuildFile; fileRef = CD153E202421DEC400860815 /* SceneDelegate.swift */; };
		CD153E232421DEC400860815 /* ViewController.swift in Sources */ = {isa = PBXBuildFile; fileRef = CD153E222421DEC400860815 /* ViewController.swift */; };
		CD153E262421DEC400860815 /* Main.storyboard in Resources */ = {isa = PBXBuildFile; fileRef = CD153E242421DEC400860815 /* Main.storyboard */; };
		CD153E282421DEC600860815 /* Assets.xcassets in Resources */ = {isa = PBXBuildFile; fileRef = CD153E272421DEC600860815 /* Assets.xcassets */; };
		CD153E2B2421DEC600860815 /* LaunchScreen.storyboard in Resources */ = {isa = PBXBuildFile; fileRef = CD153E292421DEC600860815 /* LaunchScreen.storyboard */; };
		E33C6CB0DDA12A2DC5F7AA9B /* Pods_RenovateCocoaPodsSample.framework in Frameworks */ = {isa = PBXBuildFile; fileRef = 90994852047F9E68F3F23E7E /* Pods_RenovateCocoaPodsSample.framework */; };
/* End PBXBuildFile section */

/* Begin PBXFileReference section */
		89C078DFFD3F2F3758387F7E /* Pods-RenovateCocoaPodsSample.debug.xcconfig */ = {isa = PBXFileReference; includeInIndex = 1; lastKnownFileType = text.xcconfig; name = "Pods-RenovateCocoaPodsSample.debug.xcconfig"; path = "Target Support Files/Pods-RenovateCocoaPodsSample/Pods-RenovateCocoaPodsSample.debug.xcconfig"; sourceTree = "<group>"; };
		90994852047F9E68F3F23E7E /* Pods_RenovateCocoaPodsSample.framework */ = {isa = PBXFileReference; explicitFileType = wrapper.framework; includeInIndex = 0; path = Pods_RenovateCocoaPodsSample.framework; sourceTree = BUILT_PRODUCTS_DIR; };
		CD153E1B2421DEC400860815 /* RenovateCocoaPodsSample.app */ = {isa = PBXFileReference; explicitFileType = wrapper.application; includeInIndex = 0; path = RenovateCocoaPodsSample.app; sourceTree = BUILT_PRODUCTS_DIR; };
		CD153E1E2421DEC400860815 /* AppDelegate.swift */ = {isa = PBXFileReference; lastKnownFileType = sourcecode.swift; path = AppDelegate.swift; sourceTree = "<group>"; };
		CD153E202421DEC400860815 /* SceneDelegate.swift */ = {isa = PBXFileReference; lastKnownFileType = sourcecode.swift; path = SceneDelegate.swift; sourceTree = "<group>"; };
		CD153E222421DEC400860815 /* ViewController.swift */ = {isa = PBXFileReference; lastKnownFileType = sourcecode.swift; path = ViewController.swift; sourceTree = "<group>"; };
		CD153E252421DEC400860815 /* Base */ = {isa = PBXFileReference; lastKnownFileType = file.storyboard; name = Base; path = Base.lproj/Main.storyboard; sourceTree = "<group>"; };
		CD153E272421DEC600860815 /* Assets.xcassets */ = {isa = PBXFileReference; lastKnownFileType = folder.assetcatalog; path = Assets.xcassets; sourceTree = "<group>"; };
		CD153E2A2421DEC600860815 /* Base */ = {isa = PBXFileReference; lastKnownFileType = file.storyboard; name = Base; path = Base.lproj/LaunchScreen.storyboard; sourceTree = "<group>"; };
		CD153E2C2421DEC600860815 /* Info.plist */ = {isa = PBXFileReference; lastKnownFileType = text.plist.xml; path = Info.plist; sourceTree = "<group>"; };
		ED290E3EDFD7200FAAFCCB57 /* Pods-RenovateCocoaPodsSample.release.xcconfig */ = {isa = PBXFileReference; includeInIndex = 1; lastKnownFileType = text.xcconfig; name = "Pods-RenovateCocoaPodsSample.release.xcconfig"; path = "Target Support Files/Pods-RenovateCocoaPodsSample/Pods-RenovateCocoaPodsSample.release.xcconfig"; sourceTree = "<group>"; };
/* End PBXFileReference section */

/* Begin PBXFrameworksBuildPhase section */
		CD153E182421DEC400860815 /* Frameworks */ = {
			isa = PBXFrameworksBuildPhase;
			buildActionMask = 2147483647;
			files = (
				E33C6CB0DDA12A2DC5F7AA9B /* Pods_RenovateCocoaPodsSample.framework in Frameworks */,
			);
			runOnlyForDeploymentPostprocessing = 0;
		};
/* End PBXFrameworksBuildPhase section */

/* Begin PBXGroup section */
		045FDA799ADC0BE1B1ADBDBB /* Frameworks */ = {
			isa = PBXGroup;
			children = (
				90994852047F9E68F3F23E7E /* Pods_RenovateCocoaPodsSample.framework */,
			);
			name = Frameworks;
			sourceTree = "<group>";
		};
		B08E84A28AAA33022476D19A /* Pods */ = {
			isa = PBXGroup;
			children = (
				89C078DFFD3F2F3758387F7E /* Pods-RenovateCocoaPodsSample.debug.xcconfig */,
				ED290E3EDFD7200FAAFCCB57 /* Pods-RenovateCocoaPodsSample.release.xcconfig */,
			);
			name = Pods;
			path = Pods;
			sourceTree = "<group>";
		};
		CD153E122421DEC400860815 = {
			isa = PBXGroup;
			children = (
				CD153E1D2421DEC400860815 /* RenovateCocoaPodsSample */,
				CD153E1C2421DEC400860815 /* Products */,
				B08E84A28AAA33022476D19A /* Pods */,
				045FDA799ADC0BE1B1ADBDBB /* Frameworks */,
			);
			sourceTree = "<group>";
		};
		CD153E1C2421DEC400860815 /* Products */ = {
			isa = PBXGroup;
			children = (
				CD153E1B2421DEC400860815 /* RenovateCocoaPodsSample.app */,
			);
			name = Products;
			sourceTree = "<group>";
		};
		CD153E1D2421DEC400860815 /* RenovateCocoaPodsSample */ = {
			isa = PBXGroup;
			children = (
				CD153E1E2421DEC400860815 /* AppDelegate.swift */,
				CD153E202421DEC400860815 /* SceneDelegate.swift */,
				CD153E222421DEC400860815 /* ViewController.swift */,
				CD153E242421DEC400860815 /* Main.storyboard */,
				CD153E272421DEC600860815 /* Assets.xcassets */,
				CD153E292421DEC600860815 /* LaunchScreen.storyboard */,
				CD153E2C2421DEC600860815 /* Info.plist */,
			);
			path = RenovateCocoaPodsSample;
			sourceTree = "<group>";
		};
/* End PBXGroup section */

/* Begin PBXNativeTarget section */
		CD153E1A2421DEC400860815 /* RenovateCocoaPodsSample */ = {
			isa = PBXNativeTarget;
			buildConfigurationList = CD153E2F2421DEC600860815 /* Build configuration list for PBXNativeTarget "RenovateCocoaPodsSample" */;
			buildPhases = (
				192C84671004CA478FDC16B5 /* [CP] Check Pods Manifest.lock */,
				CD153E172421DEC400860815 /* Sources */,
				CD153E182421DEC400860815 /* Frameworks */,
				CD153E192421DEC400860815 /* Resources */,
				310F360B38E6CC4166F9BFE7 /* [CP] Embed Pods Frameworks */,
			);
			buildRules = (
			);
			dependencies = (
			);
			name = RenovateCocoaPodsSample;
			productName = RenovateCocoaPodsSample;
			productReference = CD153E1B2421DEC400860815 /* RenovateCocoaPodsSample.app */;
			productType = "com.apple.product-type.application";
		};
/* End PBXNativeTarget section */

/* Begin PBXProject section */
		CD153E132421DEC400860815 /* Project object */ = {
			isa = PBXProject;
			attributes = {
				LastSwiftUpdateCheck = 1130;
				LastUpgradeCheck = 1130;
				TargetAttributes = {
					CD153E1A2421DEC400860815 = {
						CreatedOnToolsVersion = 11.3.1;
					};
				};
			};
			buildConfigurationList = CD153E162421DEC400860815 /* Build configuration list for PBXProject "RenovateCocoaPodsSample" */;
			compatibilityVersion = "Xcode 9.3";
			developmentRegion = en;
			hasScannedForEncodings = 0;
			knownRegions = (
				en,
				Base,
			);
			mainGroup = CD153E122421DEC400860815;
			productRefGroup = CD153E1C2421DEC400860815 /* Products */;
			projectDirPath = "";
			projectRoot = "";
			targets = (
				CD153E1A2421DEC400860815 /* RenovateCocoaPodsSample */,
			);
		};
/* End PBXProject section */

/* Begin PBXResourcesBuildPhase section */
		CD153E192421DEC400860815 /* Resources */ = {
			isa = PBXResourcesBuildPhase;
			buildActionMask = 2147483647;
			files = (
				CD153E2B2421DEC600860815 /* LaunchScreen.storyboard in Resources */,
				CD153E282421DEC600860815 /* Assets.xcassets in Resources */,
				CD153E262421DEC400860815 /* Main.storyboard in Resources */,
			);
			runOnlyForDeploymentPostprocessing = 0;
		};
/* End PBXResourcesBuildPhase section */

/* Begin PBXShellScriptBuildPhase section */
		192C84671004CA478FDC16B5 /* [CP] Check Pods Manifest.lock */ = {
			isa = PBXShellScriptBuildPhase;
			buildActionMask = 2147483647;
			files = (
			);
			inputFileListPaths = (
			);
			inputPaths = (
				"${PODS_PODFILE_DIR_PATH}/Podfile.lock",
				"${PODS_ROOT}/Manifest.lock",
			);
			name = "[CP] Check Pods Manifest.lock";
			outputFileListPaths = (
			);
			outputPaths = (
				"$(DERIVED_FILE_DIR)/Pods-RenovateCocoaPodsSample-checkManifestLockResult.txt",
			);
			runOnlyForDeploymentPostprocessing = 0;
			shellPath = /bin/sh;
			shellScript = "diff \"${PODS_PODFILE_DIR_PATH}/Podfile.lock\" \"${PODS_ROOT}/Manifest.lock\" > /dev/null\nif [ $? != 0 ] ; then\n    # print error to STDERR\n    echo \"error: The sandbox is not in sync with the Podfile.lock. Run 'pod install' or update your CocoaPods installation.\" >&2\n    exit 1\nfi\n# This output is used by Xcode 'outputs' to avoid re-running this script phase.\necho \"SUCCESS\" > \"${SCRIPT_OUTPUT_FILE_0}\"\n";
			showEnvVarsInLog = 0;
		};
		310F360B38E6CC4166F9BFE7 /* [CP] Embed Pods Frameworks */ = {
			isa = PBXShellScriptBuildPhase;
			buildActionMask = 2147483647;
			files = (
			);
			inputFileListPaths = (
				"${PODS_ROOT}/Target Support Files/Pods-RenovateCocoaPodsSample/Pods-RenovateCocoaPodsSample-frameworks-${CONFIGURATION}-input-files.xcfilelist",
			);
			name = "[CP] Embed Pods Frameworks";
			outputFileListPaths = (
				"${PODS_ROOT}/Target Support Files/Pods-RenovateCocoaPodsSample/Pods-RenovateCocoaPodsSample-frameworks-${CONFIGURATION}-output-files.xcfilelist",
			);
			runOnlyForDeploymentPostprocessing = 0;
			shellPath = /bin/sh;
			shellScript = "\"${PODS_ROOT}/Target Support Files/Pods-RenovateCocoaPodsSample/Pods-RenovateCocoaPodsSample-frameworks.sh\"\n";
			showEnvVarsInLog = 0;
		};
/* End PBXShellScriptBuildPhase section */

/* Begin PBXSourcesBuildPhase section */
		CD153E172421DEC400860815 /* Sources */ = {
			isa = PBXSourcesBuildPhase;
			buildActionMask = 2147483647;
			files = (
				CD153E232421DEC400860815 /* ViewController.swift in Sources */,
				CD153E1F2421DEC400860815 /* AppDelegate.swift in Sources */,
				CD153E212421DEC400860815 /* SceneDelegate.swift in Sources */,
			);
			runOnlyForDeploymentPostprocessing = 0;
		};
/* End PBXSourcesBuildPhase section */

/* Begin PBXVariantGroup section */
		CD153E242421DEC400860815 /* Main.storyboard */ = {
			isa = PBXVariantGroup;
			children = (
				CD153E252421DEC400860815 /* Base */,
			);
			name = Main.storyboard;
			sourceTree = "<group>";
		};
		CD153E292421DEC600860815 /* LaunchScreen.storyboard */ = {
			isa = PBXVariantGroup;
			children = (
				CD153E2A2421DEC600860815 /* Base */,
			);
			name = LaunchScreen.storyboard;
			sourceTree = "<group>";
		};
/* End PBXVariantGroup section */

/* Begin XCBuildConfiguration section */
		CD153E2D2421DEC600860815 /* Debug */ = {
			isa = XCBuildConfiguration;
			buildSettings = {
				ALWAYS_SEARCH_USER_PATHS = NO;
				CLANG_ANALYZER_NONNULL = YES;
				CLANG_ANALYZER_NUMBER_OBJECT_CONVERSION = YES_AGGRESSIVE;
				CLANG_CXX_LANGUAGE_STANDARD = "gnu++14";
				CLANG_CXX_LIBRARY = "libc++";
				CLANG_ENABLE_MODULES = YES;
				CLANG_ENABLE_OBJC_ARC = YES;
				CLANG_ENABLE_OBJC_WEAK = YES;
				CLANG_WARN_BLOCK_CAPTURE_AUTORELEASING = YES;
				CLANG_WARN_BOOL_CONVERSION = YES;
				CLANG_WARN_COMMA = YES;
				CLANG_WARN_CONSTANT_CONVERSION = YES;
				CLANG_WARN_DEPRECATED_OBJC_IMPLEMENTATIONS = YES;
				CLANG_WARN_DIRECT_OBJC_ISA_USAGE = YES_ERROR;
				CLANG_WARN_DOCUMENTATION_COMMENTS = YES;
				CLANG_WARN_EMPTY_BODY = YES;
				CLANG_WARN_ENUM_CONVERSION = YES;
				CLANG_WARN_INFINITE_RECURSION = YES;
				CLANG_WARN_INT_CONVERSION = YES;
				CLANG_WARN_NON_LITERAL_NULL_CONVERSION = YES;
				CLANG_WARN_OBJC_IMPLICIT_RETAIN_SELF = YES;
				CLANG_WARN_OBJC_LITERAL_CONVERSION = YES;
				CLANG_WARN_OBJC_ROOT_CLASS = YES_ERROR;
				CLANG_WARN_RANGE_LOOP_ANALYSIS = YES;
				CLANG_WARN_STRICT_PROTOTYPES = YES;
				CLANG_WARN_SUSPICIOUS_MOVE = YES;
				CLANG_WARN_UNGUARDED_AVAILABILITY = YES_AGGRESSIVE;
				CLANG_WARN_UNREACHABLE_CODE = YES;
				CLANG_WARN__DUPLICATE_METHOD_MATCH = YES;
				COPY_PHASE_STRIP = NO;
				DEBUG_INFORMATION_FORMAT = dwarf;
				ENABLE_STRICT_OBJC_MSGSEND = YES;
				ENABLE_TESTABILITY = YES;
				GCC_C_LANGUAGE_STANDARD = gnu11;
				GCC_DYNAMIC_NO_PIC = NO;
				GCC_NO_COMMON_BLOCKS = YES;
				GCC_OPTIMIZATION_LEVEL = 0;
				GCC_PREPROCESSOR_DEFINITIONS = (
					"DEBUG=1",
					"$(inherited)",
				);
				GCC_WARN_64_TO_32_BIT_CONVERSION = YES;
				GCC_WARN_ABOUT_RETURN_TYPE = YES_ERROR;
				GCC_WARN_UNDECLARED_SELECTOR = YES;
				GCC_WARN_UNINITIALIZED_AUTOS = YES_AGGRESSIVE;
				GCC_WARN_UNUSED_FUNCTION = YES;
				GCC_WARN_UNUSED_VARIABLE = YES;
				IPHONEOS_DEPLOYMENT_TARGET = 13.2;
				MTL_ENABLE_DEBUG_INFO = INCLUDE_SOURCE;
				MTL_FAST_MATH = YES;
				ONLY_ACTIVE_ARCH = YES;
				SDKROOT = iphoneos;
				SWIFT_ACTIVE_COMPILATION_CONDITIONS = DEBUG;
				SWIFT_OPTIMIZATION_LEVEL = "-Onone";
			};
			name = Debug;
		};
		CD153E2E2421DEC600860815 /* Release */ = {
			isa = XCBuildConfiguration;
			buildSettings = {
				ALWAYS_SEARCH_USER_PATHS = NO;
				CLANG_ANALYZER_NONNULL = YES;
				CLANG_ANALYZER_NUMBER_OBJECT_CONVERSION = YES_AGGRESSIVE;
				CLANG_CXX_LANGUAGE_STANDARD = "gnu++14";
				CLANG_CXX_LIBRARY = "libc++";
				CLANG_ENABLE_MODULES = YES;
				CLANG_ENABLE_OBJC_ARC = YES;
				CLANG_ENABLE_OBJC_WEAK = YES;
				CLANG_WARN_BLOCK_CAPTURE_AUTORELEASING = YES;
				CLANG_WARN_BOOL_CONVERSION = YES;
				CLANG_WARN_COMMA = YES;
				CLANG_WARN_CONSTANT_CONVERSION = YES;
				CLANG_WARN_DEPRECATED_OBJC_IMPLEMENTATIONS = YES;
				CLANG_WARN_DIRECT_OBJC_ISA_USAGE = YES_ERROR;
				CLANG_WARN_DOCUMENTATION_COMMENTS = YES;
				CLANG_WARN_EMPTY_BODY = YES;
				CLANG_WARN_ENUM_CONVERSION = YES;
				CLANG_WARN_INFINITE_RECURSION = YES;
				CLANG_WARN_INT_CONVERSION = YES;
				CLANG_WARN_NON_LITERAL_NULL_CONVERSION = YES;
				CLANG_WARN_OBJC_IMPLICIT_RETAIN_SELF = YES;
				CLANG_WARN_OBJC_LITERAL_CONVERSION = YES;
				CLANG_WARN_OBJC_ROOT_CLASS = YES_ERROR;
				CLANG_WARN_RANGE_LOOP_ANALYSIS = YES;
				CLANG_WARN_STRICT_PROTOTYPES = YES;
				CLANG_WARN_SUSPICIOUS_MOVE = YES;
				CLANG_WARN_UNGUARDED_AVAILABILITY = YES_AGGRESSIVE;
				CLANG_WARN_UNREACHABLE_CODE = YES;
				CLANG_WARN__DUPLICATE_METHOD_MATCH = YES;
				COPY_PHASE_STRIP = NO;
				DEBUG_INFORMATION_FORMAT = "dwarf-with-dsym";
				ENABLE_NS_ASSERTIONS = NO;
				ENABLE_STRICT_OBJC_MSGSEND = YES;
				GCC_C_LANGUAGE_STANDARD = gnu11;
				GCC_NO_COMMON_BLOCKS = YES;
				GCC_WARN_64_TO_32_BIT_CONVERSION = YES;
				GCC_WARN_ABOUT_RETURN_TYPE = YES_ERROR;
				GCC_WARN_UNDECLARED_SELECTOR = YES;
				GCC_WARN_UNINITIALIZED_AUTOS = YES_AGGRESSIVE;
				GCC_WARN_UNUSED_FUNCTION = YES;
				GCC_WARN_UNUSED_VARIABLE = YES;
				IPHONEOS_DEPLOYMENT_TARGET = 13.2;
				MTL_ENABLE_DEBUG_INFO = NO;
				MTL_FAST_MATH = YES;
				SDKROOT = iphoneos;
				SWIFT_COMPILATION_MODE = wholemodule;
				SWIFT_OPTIMIZATION_LEVEL = "-O";
				VALIDATE_PRODUCT = YES;
			};
			name = Release;
		};
		CD153E302421DEC600860815 /* Debug */ = {
			isa = XCBuildConfiguration;
			baseConfigurationReference = 89C078DFFD3F2F3758387F7E /* Pods-RenovateCocoaPodsSample.debug.xcconfig */;
			buildSettings = {
				ASSETCATALOG_COMPILER_APPICON_NAME = AppIcon;
				CODE_SIGN_STYLE = Automatic;
				INFOPLIST_FILE = RenovateCocoaPodsSample/Info.plist;
				LD_RUNPATH_SEARCH_PATHS = (
					"$(inherited)",
					"@executable_path/Frameworks",
				);
				PRODUCT_BUNDLE_IDENTIFIER = com.ikesyo.RenovateCocoaPodsSample;
				PRODUCT_NAME = "$(TARGET_NAME)";
				SWIFT_VERSION = 5.0;
				TARGETED_DEVICE_FAMILY = "1,2";
			};
			name = Debug;
		};
		CD153E312421DEC600860815 /* Release */ = {
			isa = XCBuildConfiguration;
			baseConfigurationReference = ED290E3EDFD7200FAAFCCB57 /* Pods-RenovateCocoaPodsSample.release.xcconfig */;
			buildSettings = {
				ASSETCATALOG_COMPILER_APPICON_NAME = AppIcon;
				CODE_SIGN_STYLE = Automatic;
				INFOPLIST_FILE = RenovateCocoaPodsSample/Info.plist;
				LD_RUNPATH_SEARCH_PATHS = (
					"$(inherited)",
					"@executable_path/Frameworks",
				);
				PRODUCT_BUNDLE_IDENTIFIER = com.ikesyo.RenovateCocoaPodsSample;
				PRODUCT_NAME = "$(TARGET_NAME)";
				SWIFT_VERSION = 5.0;
				TARGETED_DEVICE_FAMILY = "1,2";
			};
			name = Release;
		};
/* End XCBuildConfiguration section */

/* Begin XCConfigurationList section */
		CD153E162421DEC400860815 /* Build configuration list for PBXProject "RenovateCocoaPodsSample" */ = {
			isa = XCConfigurationList;
			buildConfigurations = (
				CD153E2D2421DEC600860815 /* Debug */,
				CD153E2E2421DEC600860815 /* Release */,
			);
			defaultConfigurationIsVisible = 0;
			defaultConfigurationName = Release;
		};
		CD153E2F2421DEC600860815 /* Build configuration list for PBXNativeTarget "RenovateCocoaPodsSample" */ = {
			isa = XCConfigurationList;
			buildConfigurations = (
				CD153E302421DEC600860815 /* Debug */,
				CD153E312421DEC600860815 /* Release */,
			);
			defaultConfigurationIsVisible = 0;
			defaultConfigurationName = Release;
		};
/* End XCConfigurationList section */
	};
	rootObject = CD153E132421DEC400860815 /* Project object */;
}
